
Microsoft Visual Studio Solution File, Format Version 12.00
# Visual Studio Version 16
VisualStudioVersion = 16.0.30413.136
MinimumVisualStudioVersion = 10.0.40219.1
Project("{F184B08F-C81C-45F6-A57F-5ABD9991F28F}") = "FinalProject", "FinalProject.vbproj", "{431EC464-7755-4885-8036-A9831A75CD4F}"
EndProject
Global
	GlobalSection(SolutionConfigurationPlatforms) = preSolution
		Debug|Any CPU = Debug|Any CPU
		Release|Any CPU = Release|Any CPU
	EndGlobalSection
	GlobalSection(ProjectConfigurationPlatforms) = postSolution
		{431EC464-7755-4885-8036-A9831A75CD4F}.Debug|Any CPU.ActiveCfg = Debug|Any CPU
		{431EC464-7755-4885-8036-A9831A75CD4F}.Debug|Any CPU.Build.0 = Debug|Any CPU
		{431EC464-7755-4885-8036-A9831A75CD4F}.Release|Any CPU.ActiveCfg = Release|Any CPU
		{431EC464-7755-4885-8036-A9831A75CD4F}.Release|Any CPU.Build.0 = Release|Any CPU
	EndGlobalSection
	GlobalSection(SolutionProperties) = preSolution
		HideSolutionNode = FALSE
	EndGlobalSection
	GlobalSection(ExtensibilityGlobals) = postSolution
		SolutionGuid = {D8475CB5-B52D-450B-993A-D76250649B0A}
	EndGlobalSection
EndGlobal
